// !$*UTF8*$!
{
	archiveVersion = 1;
	classes = {
	};
	objectVersion = 46;
	objects = {

/* Begin PBXBuildFile section */
		F5F91A621C40BD8300AC280B /* AppDelegate.swift in Sources */ = {isa = PBXBuildFile; fileRef = F5F91A611C40BD8300AC280B /* AppDelegate.swift */; };
		F5F91A671C40BD8300AC280B /* Main.storyboard in Resources */ = {isa = PBXBuildFile; fileRef = F5F91A651C40BD8300AC280B /* Main.storyboard */; };
		F5F91A691C40BD8300AC280B /* Assets.xcassets in Resources */ = {isa = PBXBuildFile; fileRef = F5F91A681C40BD8300AC280B /* Assets.xcassets */; };
		F5F91A6C1C40BD8300AC280B /* LaunchScreen.storyboard in Resources */ = {isa = PBXBuildFile; fileRef = F5F91A6A1C40BD8300AC280B /* LaunchScreen.storyboard */; };
		F5F91A7D1C40F6B000AC280B /* LiveViewController.swift in Sources */ = {isa = PBXBuildFile; fileRef = F5F91A7C1C40F6B000AC280B /* LiveViewController.swift */; };
		F5F91A7F1C40F6C200AC280B /* VideoViewController.swift in Sources */ = {isa = PBXBuildFile; fileRef = F5F91A7E1C40F6C200AC280B /* VideoViewController.swift */; };
		F5F91A811C40F6D200AC280B /* NewsViewController.swift in Sources */ = {isa = PBXBuildFile; fileRef = F5F91A801C40F6D200AC280B /* NewsViewController.swift */; };
		F5F91A831C40F6E100AC280B /* DataViewController.swift in Sources */ = {isa = PBXBuildFile; fileRef = F5F91A821C40F6E100AC280B /* DataViewController.swift */; };
		F5F91A851C41007000AC280B /* MainTabBarController.swift in Sources */ = {isa = PBXBuildFile; fileRef = F5F91A841C41007000AC280B /* MainTabBarController.swift */; };
/* End PBXBuildFile section */

/* Begin PBXFileReference section */
		F5F91A5E1C40BD8300AC280B /* BHTV.app */ = {isa = PBXFileReference; explicitFileType = wrapper.application; includeInIndex = 0; path = BHTV.app; sourceTree = BUILT_PRODUCTS_DIR; };
		F5F91A611C40BD8300AC280B /* AppDelegate.swift */ = {isa = PBXFileReference; lastKnownFileType = sourcecode.swift; path = AppDelegate.swift; sourceTree = "<group>"; };
		F5F91A661C40BD8300AC280B /* Base */ = {isa = PBXFileReference; lastKnownFileType = file.storyboard; name = Base; path = Base.lproj/Main.storyboard; sourceTree = "<group>"; };
		F5F91A681C40BD8300AC280B /* Assets.xcassets */ = {isa = PBXFileReference; lastKnownFileType = folder.assetcatalog; path = Assets.xcassets; sourceTree = "<group>"; };
		F5F91A6B1C40BD8300AC280B /* Base */ = {isa = PBXFileReference; lastKnownFileType = file.storyboard; name = Base; path = Base.lproj/LaunchScreen.storyboard; sourceTree = "<group>"; };
		F5F91A6D1C40BD8300AC280B /* Info.plist */ = {isa = PBXFileReference; lastKnownFileType = text.plist.xml; path = Info.plist; sourceTree = "<group>"; };
		F5F91A7C1C40F6B000AC280B /* LiveViewController.swift */ = {isa = PBXFileReference; fileEncoding = 4; lastKnownFileType = sourcecode.swift; path = LiveViewController.swift; sourceTree = "<group>"; };
		F5F91A7E1C40F6C200AC280B /* VideoViewController.swift */ = {isa = PBXFileReference; fileEncoding = 4; lastKnownFileType = sourcecode.swift; path = VideoViewController.swift; sourceTree = "<group>"; };
		F5F91A801C40F6D200AC280B /* NewsViewController.swift */ = {isa = PBXFileReference; fileEncoding = 4; lastKnownFileType = sourcecode.swift; path = NewsViewController.swift; sourceTree = "<group>"; };
		F5F91A821C40F6E100AC280B /* DataViewController.swift */ = {isa = PBXFileReference; fileEncoding = 4; lastKnownFileType = sourcecode.swift; path = DataViewController.swift; sourceTree = "<group>"; };
		F5F91A841C41007000AC280B /* MainTabBarController.swift */ = {isa = PBXFileReference; fileEncoding = 4; lastKnownFileType = sourcecode.swift; path = MainTabBarController.swift; sourceTree = "<group>"; };
/* End PBXFileReference section */

/* Begin PBXFrameworksBuildPhase section */
		F5F91A5B1C40BD8300AC280B /* Frameworks */ = {
			isa = PBXFrameworksBuildPhase;
			buildActionMask = 2147483647;
			files = (
			);
			runOnlyForDeploymentPostprocessing = 0;
		};
/* End PBXFrameworksBuildPhase section */

/* Begin PBXGroup section */
		F5F91A551C40BD8300AC280B = {
			isa = PBXGroup;
			children = (
				F5F91A601C40BD8300AC280B /* BHTV */,
				F5F91A5F1C40BD8300AC280B /* Products */,
			);
			sourceTree = "<group>";
		};
		F5F91A5F1C40BD8300AC280B /* Products */ = {
			isa = PBXGroup;
			children = (
				F5F91A5E1C40BD8300AC280B /* BHTV.app */,
			);
			name = Products;
			sourceTree = "<group>";
		};
		F5F91A601C40BD8300AC280B /* BHTV */ = {
			isa = PBXGroup;
			children = (
				F5F91A731C40F5F300AC280B /* Classes */,
				F5F91A611C40BD8300AC280B /* AppDelegate.swift */,
				F5F91A651C40BD8300AC280B /* Main.storyboard */,
				F5F91A681C40BD8300AC280B /* Assets.xcassets */,
				F5F91A6A1C40BD8300AC280B /* LaunchScreen.storyboard */,
				F5F91A6D1C40BD8300AC280B /* Info.plist */,
			);
			path = BHTV;
			sourceTree = "<group>";
		};
		F5F91A731C40F5F300AC280B /* Classes */ = {
			isa = PBXGroup;
			children = (
				F5F91A761C40F5F300AC280B /* Main(主要) */,
				F5F91A751C40F5F300AC280B /* Live(直播) */,
				F5F91A7A1C40F5F300AC280B /* Video(录像) */,
				F5F91A781C40F5F300AC280B /* News(新闻) */,
				F5F91A741C40F5F300AC280B /* Data(数据) */,
				F5F91A791C40F5F300AC280B /* Tool(工具) */,
			);
			path = Classes;
			sourceTree = "<group>";
		};
		F5F91A741C40F5F300AC280B /* Data(数据) */ = {
			isa = PBXGroup;
			children = (
				F5F91A821C40F6E100AC280B /* DataViewController.swift */,
			);
			path = "Data(数据)";
			sourceTree = "<group>";
		};
		F5F91A751C40F5F300AC280B /* Live(直播) */ = {
			isa = PBXGroup;
			children = (
				F5F91A7C1C40F6B000AC280B /* LiveViewController.swift */,
			);
			path = "Live(直播)";
			sourceTree = "<group>";
		};
		F5F91A761C40F5F300AC280B /* Main(主要) */ = {
			isa = PBXGroup;
			children = (
				F5F91A841C41007000AC280B /* MainTabBarController.swift */,
			);
			path = "Main(主要)";
			sourceTree = "<group>";
		};
		F5F91A781C40F5F300AC280B /* News(新闻) */ = {
			isa = PBXGroup;
			children = (
				F5F91A801C40F6D200AC280B /* NewsViewController.swift */,
			);
			path = "News(新闻)";
			sourceTree = "<group>";
		};
		F5F91A791C40F5F300AC280B /* Tool(工具) */ = {
			isa = PBXGroup;
			children = (
			);
			path = "Tool(工具)";
			sourceTree = "<group>";
		};
		F5F91A7A1C40F5F300AC280B /* Video(录像) */ = {
			isa = PBXGroup;
			children = (
				F5F91A7E1C40F6C200AC280B /* VideoViewController.swift */,
			);
			path = "Video(录像)";
			sourceTree = "<group>";
		};
/* End PBXGroup section */

/* Begin PBXNativeTarget section */
		F5F91A5D1C40BD8300AC280B /* BHTV */ = {
			isa = PBXNativeTarget;
			buildConfigurationList = F5F91A701C40BD8300AC280B /* Build configuration list for PBXNativeTarget "BHTV" */;
			buildPhases = (
				F5F91A5A1C40BD8300AC280B /* Sources */,
				F5F91A5B1C40BD8300AC280B /* Frameworks */,
				F5F91A5C1C40BD8300AC280B /* Resources */,
			);
			buildRules = (
			);
			dependencies = (
			);
			name = BHTV;
			productName = BHTV;
			productReference = F5F91A5E1C40BD8300AC280B /* BHTV.app */;
			productType = "com.apple.product-type.application";
		};
/* End PBXNativeTarget section */

/* Begin PBXProject section */
		F5F91A561C40BD8300AC280B /* Project object */ = {
			isa = PBXProject;
			attributes = {
				LastSwiftUpdateCheck = 0720;
				LastUpgradeCheck = 0720;
				ORGANIZATIONNAME = "邵岳鹏";
				TargetAttributes = {
					F5F91A5D1C40BD8300AC280B = {
						CreatedOnToolsVersion = 7.2;
						DevelopmentTeam = 5TQ3Z2GZCK;
					};
				};
			};
			buildConfigurationList = F5F91A591C40BD8300AC280B /* Build configuration list for PBXProject "BHTV" */;
			compatibilityVersion = "Xcode 3.2";
			developmentRegion = English;
			hasScannedForEncodings = 0;
			knownRegions = (
				en,
				Base,
			);
			mainGroup = F5F91A551C40BD8300AC280B;
			productRefGroup = F5F91A5F1C40BD8300AC280B /* Products */;
			projectDirPath = "";
			projectRoot = "";
			targets = (
				F5F91A5D1C40BD8300AC280B /* BHTV */,
			);
		};
/* End PBXProject section */

/* Begin PBXResourcesBuildPhase section */
		F5F91A5C1C40BD8300AC280B /* Resources */ = {
			isa = PBXResourcesBuildPhase;
			buildActionMask = 2147483647;
			files = (
				F5F91A6C1C40BD8300AC280B /* LaunchScreen.storyboard in Resources */,
				F5F91A691C40BD8300AC280B /* Assets.xcassets in Resources */,
				F5F91A671C40BD8300AC280B /* Main.storyboard in Resources */,
			);
			runOnlyForDeploymentPostprocessing = 0;
		};
/* End PBXResourcesBuildPhase section */

/* Begin PBXSourcesBuildPhase section */
		F5F91A5A1C40BD8300AC280B /* Sources */ = {
			isa = PBXSourcesBuildPhase;
			buildActionMask = 2147483647;
			files = (
				F5F91A7D1C40F6B000AC280B /* LiveViewController.swift in Sources */,
				F5F91A7F1C40F6C200AC280B /* VideoViewController.swift in Sources */,
				F5F91A851C41007000AC280B /* MainTabBarController.swift in Sources */,
				F5F91A811C40F6D200AC280B /* NewsViewController.swift in Sources */,
				F5F91A831C40F6E100AC280B /* DataViewController.swift in Sources */,
				F5F91A621C40BD8300AC280B /* AppDelegate.swift in Sources */,
			);
			runOnlyForDeploymentPostprocessing = 0;
		};
/* End PBXSourcesBuildPhase section */

/* Begin PBXVariantGroup section */
		F5F91A651C40BD8300AC280B /* Main.storyboard */ = {
			isa = PBXVariantGroup;
			children = (
				F5F91A661C40BD8300AC280B /* Base */,
			);
			name = Main.storyboard;
			sourceTree = "<group>";
		};
		F5F91A6A1C40BD8300AC280B /* LaunchScreen.storyboard */ = {
			isa = PBXVariantGroup;
			children = (
				F5F91A6B1C40BD8300AC280B /* Base */,
			);
			name = LaunchScreen.storyboard;
			sourceTree = "<group>";
		};
/* End PBXVariantGroup section */

/* Begin XCBuildConfiguration section */
		F5F91A6E1C40BD8300AC280B /* Debug */ = {
			isa = XCBuildConfiguration;
			buildSettings = {
				ALWAYS_SEARCH_USER_PATHS = NO;
				CLANG_CXX_LANGUAGE_STANDARD = "gnu++0x";
				CLANG_CXX_LIBRARY = "libc++";
				CLANG_ENABLE_MODULES = YES;
				CLANG_ENABLE_OBJC_ARC = YES;
				CLANG_WARN_BOOL_CONVERSION = YES;
				CLANG_WARN_CONSTANT_CONVERSION = YES;
				CLANG_WARN_DIRECT_OBJC_ISA_USAGE = YES_ERROR;
				CLANG_WARN_EMPTY_BODY = YES;
				CLANG_WARN_ENUM_CONVERSION = YES;
				CLANG_WARN_INT_CONVERSION = YES;
				CLANG_WARN_OBJC_ROOT_CLASS = YES_ERROR;
				CLANG_WARN_UNREACHABLE_CODE = YES;
				CLANG_WARN__DUPLICATE_METHOD_MATCH = YES;
				"CODE_SIGN_IDENTITY[sdk=iphoneos*]" = "iPhone Developer";
				COPY_PHASE_STRIP = NO;
				DEBUG_INFORMATION_FORMAT = dwarf;
				ENABLE_STRICT_OBJC_MSGSEND = YES;
				ENABLE_TESTABILITY = YES;
				GCC_C_LANGUAGE_STANDARD = gnu99;
				GCC_DYNAMIC_NO_PIC = NO;
				GCC_NO_COMMON_BLOCKS = YES;
				GCC_OPTIMIZATION_LEVEL = 0;
				GCC_PREPROCESSOR_DEFINITIONS = (
					"DEBUG=1",
					"$(inherited)",
				);
				GCC_WARN_64_TO_32_BIT_CONVERSION = YES;
				GCC_WARN_ABOUT_RETURN_TYPE = YES_ERROR;
				GCC_WARN_UNDECLARED_SELECTOR = YES;
				GCC_WARN_UNINITIALIZED_AUTOS = YES_AGGRESSIVE;
				GCC_WARN_UNUSED_FUNCTION = YES;
				GCC_WARN_UNUSED_VARIABLE = YES;
				IPHONEOS_DEPLOYMENT_TARGET = 8.0;
				MTL_ENABLE_DEBUG_INFO = YES;
				ONLY_ACTIVE_ARCH = YES;
				SDKROOT = iphoneos;
				SWIFT_OPTIMIZATION_LEVEL = "-Onone";
			};
			name = Debug;
		};
		F5F91A6F1C40BD8300AC280B /* Release */ = {
			isa = XCBuildConfiguration;
			buildSettings = {
				ALWAYS_SEARCH_USER_PATHS = NO;
				CLANG_CXX_LANGUAGE_STANDARD = "gnu++0x";
				CLANG_CXX_LIBRARY = "libc++";
				CLANG_ENABLE_MODULES = YES;
				CLANG_ENABLE_OBJC_ARC = YES;
				CLANG_WARN_BOOL_CONVERSION = YES;
				CLANG_WARN_CONSTANT_CONVERSION = YES;
				CLANG_WARN_DIRECT_OBJC_ISA_USAGE = YES_ERROR;
				CLANG_WARN_EMPTY_BODY = YES;
				CLANG_WARN_ENUM_CONVERSION = YES;
				CLANG_WARN_INT_CONVERSION = YES;
				CLANG_WARN_OBJC_ROOT_CLASS = YES_ERROR;
				CLANG_WARN_UNREACHABLE_CODE = YES;
				CLANG_WARN__DUPLICATE_METHOD_MATCH = YES;
				"CODE_SIGN_IDENTITY[sdk=iphoneos*]" = "iPhone Developer";
				COPY_PHASE_STRIP = NO;
				DEBUG_INFORMATION_FORMAT = "dwarf-with-dsym";
				ENABLE_NS_ASSERTIONS = NO;
				ENABLE_STRICT_OBJC_MSGSEND = YES;
				GCC_C_LANGUAGE_STANDARD = gnu99;
				GCC_NO_COMMON_BLOCKS = YES;
				GCC_WARN_64_TO_32_BIT_CONVERSION = YES;
				GCC_WARN_ABOUT_RETURN_TYPE = YES_ERROR;
				GCC_WARN_UNDECLARED_SELECTOR = YES;
				GCC_WARN_UNINITIALIZED_AUTOS = YES_AGGRESSIVE;
				GCC_WARN_UNUSED_FUNCTION = YES;
				GCC_WARN_UNUSED_VARIABLE = YES;
				IPHONEOS_DEPLOYMENT_TARGET = 8.0;
				MTL_ENABLE_DEBUG_INFO = NO;
				SDKROOT = iphoneos;
				VALIDATE_PRODUCT = YES;
			};
			name = Release;
		};
		F5F91A711C40BD8300AC280B /* Debug */ = {
			isa = XCBuildConfiguration;
			buildSettings = {
				ASSETCATALOG_COMPILER_APPICON_NAME = AppIcon;
				INFOPLIST_FILE = BHTV/Info.plist;
				LD_RUNPATH_SEARCH_PATHS = "$(inherited) @executable_path/Frameworks";
				PRODUCT_BUNDLE_IDENTIFIER = com.beihuantv.www.BHTV;
				PRODUCT_NAME = "$(TARGET_NAME)";
			};
			name = Debug;
		};
		F5F91A721C40BD8300AC280B /* Release */ = {
			isa = XCBuildConfiguration;
			buildSettings = {
				ASSETCATALOG_COMPILER_APPICON_NAME = AppIcon;
				INFOPLIST_FILE = BHTV/Info.plist;
				LD_RUNPATH_SEARCH_PATHS = "$(inherited) @executable_path/Frameworks";
				PRODUCT_BUNDLE_IDENTIFIER = com.beihuantv.www.BHTV;
				PRODUCT_NAME = "$(TARGET_NAME)";
			};
			name = Release;
		};
/* End XCBuildConfiguration section */

/* Begin XCConfigurationList section */
		F5F91A591C40BD8300AC280B /* Build configuration list for PBXProject "BHTV" */ = {
			isa = XCConfigurationList;
			buildConfigurations = (
				F5F91A6E1C40BD8300AC280B /* Debug */,
				F5F91A6F1C40BD8300AC280B /* Release */,
			);
			defaultConfigurationIsVisible = 0;
			defaultConfigurationName = Release;
		};
		F5F91A701C40BD8300AC280B /* Build configuration list for PBXNativeTarget "BHTV" */ = {
			isa = XCConfigurationList;
			buildConfigurations = (
				F5F91A711C40BD8300AC280B /* Debug */,
				F5F91A721C40BD8300AC280B /* Release */,
			);
			defaultConfigurationIsVisible = 0;
			defaultConfigurationName = Release;
		};
/* End XCConfigurationList section */
	};
	rootObject = F5F91A561C40BD8300AC280B /* Project object */;
}
